// !$*UTF8*$!
{
	archiveVersion = 1;
	classes = {
	};
	objectVersion = 50;
	objects = {

/* Begin PBXBuildFile section */
		B28F325F25968DAD00598F71 /* WelcomeViewController.swift in Sources */ = {isa = PBXBuildFile; fileRef = B28F325E25968DAD00598F71 /* WelcomeViewController.swift */; };
		B28F326025968DAD00598F71 /* WelcomeViewController.swift in Sources */ = {isa = PBXBuildFile; fileRef = B28F325E25968DAD00598F71 /* WelcomeViewController.swift */; };
		B28F326125968DAD00598F71 /* WelcomeViewController.swift in Sources */ = {isa = PBXBuildFile; fileRef = B28F325E25968DAD00598F71 /* WelcomeViewController.swift */; };
		B2C0A4F5259459A10060B367 /* AppDelegate.swift in Sources */ = {isa = PBXBuildFile; fileRef = B2C0A4F4259459A10060B367 /* AppDelegate.swift */; };
		B2C0A4F7259459A10060B367 /* SceneDelegate.swift in Sources */ = {isa = PBXBuildFile; fileRef = B2C0A4F6259459A10060B367 /* SceneDelegate.swift */; };
		B2C0A4F9259459A10060B367 /* LoginViewController.swift in Sources */ = {isa = PBXBuildFile; fileRef = B2C0A4F8259459A10060B367 /* LoginViewController.swift */; };
		B2C0A4FC259459A10060B367 /* Main.storyboard in Resources */ = {isa = PBXBuildFile; fileRef = B2C0A4FA259459A10060B367 /* Main.storyboard */; };
		B2C0A4FE259459A20060B367 /* Assets.xcassets in Resources */ = {isa = PBXBuildFile; fileRef = B2C0A4FD259459A20060B367 /* Assets.xcassets */; };
		B2C0A501259459A20060B367 /* LaunchScreen.storyboard in Resources */ = {isa = PBXBuildFile; fileRef = B2C0A4FF259459A20060B367 /* LaunchScreen.storyboard */; };
		B2C0A50C259459A20060B367 /* SimpleLoginAppTests.swift in Sources */ = {isa = PBXBuildFile; fileRef = B2C0A50B259459A20060B367 /* SimpleLoginAppTests.swift */; };
		B2C0A517259459A20060B367 /* SimpleLoginAppUITests.swift in Sources */ = {isa = PBXBuildFile; fileRef = B2C0A516259459A20060B367 /* SimpleLoginAppUITests.swift */; };
		B2C0A52625945C8F0060B367 /* LoginCredentials.swift in Sources */ = {isa = PBXBuildFile; fileRef = B2C0A52525945C8F0060B367 /* LoginCredentials.swift */; };
		B2C0A52B259531FE0060B367 /* LoginManagerViewModel.swift in Sources */ = {isa = PBXBuildFile; fileRef = B2C0A52A259531FE0060B367 /* LoginManagerViewModel.swift */; };
		B2C0A52C259541380060B367 /* LoginCredentials.swift in Sources */ = {isa = PBXBuildFile; fileRef = B2C0A52525945C8F0060B367 /* LoginCredentials.swift */; };
		B2C0A52D259541390060B367 /* LoginCredentials.swift in Sources */ = {isa = PBXBuildFile; fileRef = B2C0A52525945C8F0060B367 /* LoginCredentials.swift */; };
		B2C0A52E2595413D0060B367 /* LoginManagerViewModel.swift in Sources */ = {isa = PBXBuildFile; fileRef = B2C0A52A259531FE0060B367 /* LoginManagerViewModel.swift */; };
		B2C0A52F2595413E0060B367 /* LoginManagerViewModel.swift in Sources */ = {isa = PBXBuildFile; fileRef = B2C0A52A259531FE0060B367 /* LoginManagerViewModel.swift */; };
		B2C0A530259541480060B367 /* LoginViewController.swift in Sources */ = {isa = PBXBuildFile; fileRef = B2C0A4F8259459A10060B367 /* LoginViewController.swift */; };
		B2C0A531259541480060B367 /* LoginViewController.swift in Sources */ = {isa = PBXBuildFile; fileRef = B2C0A4F8259459A10060B367 /* LoginViewController.swift */; };
		B2C0A533259543DD0060B367 /* LoginErrorHandler.swift in Sources */ = {isa = PBXBuildFile; fileRef = B2C0A532259543DD0060B367 /* LoginErrorHandler.swift */; };
		B2C0A534259543EA0060B367 /* LoginErrorHandler.swift in Sources */ = {isa = PBXBuildFile; fileRef = B2C0A532259543DD0060B367 /* LoginErrorHandler.swift */; };
		B2C0A535259543EB0060B367 /* LoginErrorHandler.swift in Sources */ = {isa = PBXBuildFile; fileRef = B2C0A532259543DD0060B367 /* LoginErrorHandler.swift */; };
		B2C0A537259556980060B367 /* credentials.json in Resources */ = {isa = PBXBuildFile; fileRef = B2C0A536259556980060B367 /* credentials.json */; };
		B2C0A538259557430060B367 /* credentials.json in Resources */ = {isa = PBXBuildFile; fileRef = B2C0A536259556980060B367 /* credentials.json */; };
		B2C0A539259557430060B367 /* credentials.json in Resources */ = {isa = PBXBuildFile; fileRef = B2C0A536259556980060B367 /* credentials.json */; };
		B2C0A53B25956ECA0060B367 /* LoginData.swift in Sources */ = {isa = PBXBuildFile; fileRef = B2C0A53A25956ECA0060B367 /* LoginData.swift */; };
		B2C0A53C25956ED20060B367 /* LoginData.swift in Sources */ = {isa = PBXBuildFile; fileRef = B2C0A53A25956ECA0060B367 /* LoginData.swift */; };
		B2C0A53D25956ED20060B367 /* LoginData.swift in Sources */ = {isa = PBXBuildFile; fileRef = B2C0A53A25956ECA0060B367 /* LoginData.swift */; };
		B2C0A53F2595B72D0060B367 /* LoginMockApiHandler.swift in Sources */ = {isa = PBXBuildFile; fileRef = B2C0A53E2595B72D0060B367 /* LoginMockApiHandler.swift */; };
		B2C0A5412595C31F0060B367 /* HTTPClient.swift in Sources */ = {isa = PBXBuildFile; fileRef = B2C0A5402595C31F0060B367 /* HTTPClient.swift */; };
		B2C0A5422595C49D0060B367 /* LoginMockApiHandler.swift in Sources */ = {isa = PBXBuildFile; fileRef = B2C0A53E2595B72D0060B367 /* LoginMockApiHandler.swift */; };
		B2C0A5432595C49E0060B367 /* LoginMockApiHandler.swift in Sources */ = {isa = PBXBuildFile; fileRef = B2C0A53E2595B72D0060B367 /* LoginMockApiHandler.swift */; };
		B2C0A5452595C6F00060B367 /* LoginManager.swift in Sources */ = {isa = PBXBuildFile; fileRef = B2C0A5442595C6F00060B367 /* LoginManager.swift */; };
		B2C0A5462595C6F40060B367 /* LoginManager.swift in Sources */ = {isa = PBXBuildFile; fileRef = B2C0A5442595C6F00060B367 /* LoginManager.swift */; };
		B2C0A5472595C6F40060B367 /* LoginManager.swift in Sources */ = {isa = PBXBuildFile; fileRef = B2C0A5442595C6F00060B367 /* LoginManager.swift */; };
		B2DB2238259988D00005F2AA /* LoginViewControllerTests.swift in Sources */ = {isa = PBXBuildFile; fileRef = B2DB2237259988D00005F2AA /* LoginViewControllerTests.swift */; };
		B2DB223925998A050005F2AA /* HTTPClient.swift in Sources */ = {isa = PBXBuildFile; fileRef = B2C0A5402595C31F0060B367 /* HTTPClient.swift */; };
		B2DB223A25998A060005F2AA /* HTTPClient.swift in Sources */ = {isa = PBXBuildFile; fileRef = B2C0A5402595C31F0060B367 /* HTTPClient.swift */; };
/* End PBXBuildFile section */

/* Begin PBXContainerItemProxy section */
		B2C0A508259459A20060B367 /* PBXContainerItemProxy */ = {
			isa = PBXContainerItemProxy;
			containerPortal = B2C0A4E9259459A10060B367 /* Project object */;
			proxyType = 1;
			remoteGlobalIDString = B2C0A4F0259459A10060B367;
			remoteInfo = SimpleLoginApp;
		};
		B2C0A513259459A20060B367 /* PBXContainerItemProxy */ = {
			isa = PBXContainerItemProxy;
			containerPortal = B2C0A4E9259459A10060B367 /* Project object */;
			proxyType = 1;
			remoteGlobalIDString = B2C0A4F0259459A10060B367;
			remoteInfo = SimpleLoginApp;
		};
/* End PBXContainerItemProxy section */

/* Begin PBXFileReference section */
		B28F325E25968DAD00598F71 /* WelcomeViewController.swift */ = {isa = PBXFileReference; lastKnownFileType = sourcecode.swift; path = WelcomeViewController.swift; sourceTree = "<group>"; };
		B2C0A4F1259459A10060B367 /* SimpleLoginApp.app */ = {isa = PBXFileReference; explicitFileType = wrapper.application; includeInIndex = 0; path = SimpleLoginApp.app; sourceTree = BUILT_PRODUCTS_DIR; };
		B2C0A4F4259459A10060B367 /* AppDelegate.swift */ = {isa = PBXFileReference; lastKnownFileType = sourcecode.swift; path = AppDelegate.swift; sourceTree = "<group>"; };
		B2C0A4F6259459A10060B367 /* SceneDelegate.swift */ = {isa = PBXFileReference; lastKnownFileType = sourcecode.swift; path = SceneDelegate.swift; sourceTree = "<group>"; };
		B2C0A4F8259459A10060B367 /* LoginViewController.swift */ = {isa = PBXFileReference; lastKnownFileType = sourcecode.swift; path = LoginViewController.swift; sourceTree = "<group>"; };
		B2C0A4FB259459A10060B367 /* Base */ = {isa = PBXFileReference; lastKnownFileType = file.storyboard; name = Base; path = Base.lproj/Main.storyboard; sourceTree = "<group>"; };
		B2C0A4FD259459A20060B367 /* Assets.xcassets */ = {isa = PBXFileReference; lastKnownFileType = folder.assetcatalog; path = Assets.xcassets; sourceTree = "<group>"; };
		B2C0A500259459A20060B367 /* Base */ = {isa = PBXFileReference; lastKnownFileType = file.storyboard; name = Base; path = Base.lproj/LaunchScreen.storyboard; sourceTree = "<group>"; };
		B2C0A502259459A20060B367 /* Info.plist */ = {isa = PBXFileReference; lastKnownFileType = text.plist.xml; path = Info.plist; sourceTree = "<group>"; };
		B2C0A507259459A20060B367 /* SimpleLoginAppTests.xctest */ = {isa = PBXFileReference; explicitFileType = wrapper.cfbundle; includeInIndex = 0; path = SimpleLoginAppTests.xctest; sourceTree = BUILT_PRODUCTS_DIR; };
		B2C0A50B259459A20060B367 /* SimpleLoginAppTests.swift */ = {isa = PBXFileReference; lastKnownFileType = sourcecode.swift; path = SimpleLoginAppTests.swift; sourceTree = "<group>"; };
		B2C0A50D259459A20060B367 /* Info.plist */ = {isa = PBXFileReference; lastKnownFileType = text.plist.xml; path = Info.plist; sourceTree = "<group>"; };
		B2C0A512259459A20060B367 /* SimpleLoginAppUITests.xctest */ = {isa = PBXFileReference; explicitFileType = wrapper.cfbundle; includeInIndex = 0; path = SimpleLoginAppUITests.xctest; sourceTree = BUILT_PRODUCTS_DIR; };
		B2C0A516259459A20060B367 /* SimpleLoginAppUITests.swift */ = {isa = PBXFileReference; lastKnownFileType = sourcecode.swift; path = SimpleLoginAppUITests.swift; sourceTree = "<group>"; };
		B2C0A518259459A20060B367 /* Info.plist */ = {isa = PBXFileReference; lastKnownFileType = text.plist.xml; path = Info.plist; sourceTree = "<group>"; };
		B2C0A52525945C8F0060B367 /* LoginCredentials.swift */ = {isa = PBXFileReference; lastKnownFileType = sourcecode.swift; path = LoginCredentials.swift; sourceTree = "<group>"; };
		B2C0A52A259531FE0060B367 /* LoginManagerViewModel.swift */ = {isa = PBXFileReference; lastKnownFileType = sourcecode.swift; path = LoginManagerViewModel.swift; sourceTree = "<group>"; };
		B2C0A532259543DD0060B367 /* LoginErrorHandler.swift */ = {isa = PBXFileReference; lastKnownFileType = sourcecode.swift; path = LoginErrorHandler.swift; sourceTree = "<group>"; };
		B2C0A536259556980060B367 /* credentials.json */ = {isa = PBXFileReference; fileEncoding = 4; lastKnownFileType = text.json; name = credentials.json; path = SimpleLoginApp/Model/credentials.json; sourceTree = SOURCE_ROOT; };
		B2C0A53A25956ECA0060B367 /* LoginData.swift */ = {isa = PBXFileReference; lastKnownFileType = sourcecode.swift; path = LoginData.swift; sourceTree = "<group>"; };
		B2C0A53E2595B72D0060B367 /* LoginMockApiHandler.swift */ = {isa = PBXFileReference; lastKnownFileType = sourcecode.swift; path = LoginMockApiHandler.swift; sourceTree = "<group>"; };
		B2C0A5402595C31F0060B367 /* HTTPClient.swift */ = {isa = PBXFileReference; lastKnownFileType = sourcecode.swift; path = HTTPClient.swift; sourceTree = "<group>"; };
		B2C0A5442595C6F00060B367 /* LoginManager.swift */ = {isa = PBXFileReference; lastKnownFileType = sourcecode.swift; path = LoginManager.swift; sourceTree = "<group>"; };
		B2DB2237259988D00005F2AA /* LoginViewControllerTests.swift */ = {isa = PBXFileReference; lastKnownFileType = sourcecode.swift; path = LoginViewControllerTests.swift; sourceTree = "<group>"; };
/* End PBXFileReference section */

/* Begin PBXFrameworksBuildPhase section */
		B2C0A4EE259459A10060B367 /* Frameworks */ = {
			isa = PBXFrameworksBuildPhase;
			buildActionMask = 2147483647;
			files = (
			);
			runOnlyForDeploymentPostprocessing = 0;
		};
		B2C0A504259459A20060B367 /* Frameworks */ = {
			isa = PBXFrameworksBuildPhase;
			buildActionMask = 2147483647;
			files = (
			);
			runOnlyForDeploymentPostprocessing = 0;
		};
		B2C0A50F259459A20060B367 /* Frameworks */ = {
			isa = PBXFrameworksBuildPhase;
			buildActionMask = 2147483647;
			files = (
			);
			runOnlyForDeploymentPostprocessing = 0;
		};
/* End PBXFrameworksBuildPhase section */

/* Begin PBXGroup section */
		B2C0A4E8259459A10060B367 = {
			isa = PBXGroup;
			children = (
				B2C0A4F3259459A10060B367 /* SimpleLoginApp */,
				B2C0A50A259459A20060B367 /* SimpleLoginAppTests */,
				B2C0A515259459A20060B367 /* SimpleLoginAppUITests */,
				B2C0A4F2259459A10060B367 /* Products */,
			);
			sourceTree = "<group>";
		};
		B2C0A4F2259459A10060B367 /* Products */ = {
			isa = PBXGroup;
			children = (
				B2C0A4F1259459A10060B367 /* SimpleLoginApp.app */,
				B2C0A507259459A20060B367 /* SimpleLoginAppTests.xctest */,
				B2C0A512259459A20060B367 /* SimpleLoginAppUITests.xctest */,
			);
			name = Products;
			sourceTree = "<group>";
		};
		B2C0A4F3259459A10060B367 /* SimpleLoginApp */ = {
			isa = PBXGroup;
			children = (
				B2C0A529259531E80060B367 /* ViewModel */,
				B2C0A52425945B030060B367 /* Model */,
				B2C0A4F4259459A10060B367 /* AppDelegate.swift */,
				B2C0A4F6259459A10060B367 /* SceneDelegate.swift */,
				B2C0A532259543DD0060B367 /* LoginErrorHandler.swift */,
				B2C0A52825951A3D0060B367 /* View */,
				B2C0A502259459A20060B367 /* Info.plist */,
			);
			path = SimpleLoginApp;
			sourceTree = "<group>";
		};
		B2C0A50A259459A20060B367 /* SimpleLoginAppTests */ = {
			isa = PBXGroup;
			children = (
				B2C0A50B259459A20060B367 /* SimpleLoginAppTests.swift */,
				B2C0A50D259459A20060B367 /* Info.plist */,
				B2DB2237259988D00005F2AA /* LoginViewControllerTests.swift */,
			);
			path = SimpleLoginAppTests;
			sourceTree = "<group>";
		};
		B2C0A515259459A20060B367 /* SimpleLoginAppUITests */ = {
			isa = PBXGroup;
			children = (
				B2C0A516259459A20060B367 /* SimpleLoginAppUITests.swift */,
				B2C0A518259459A20060B367 /* Info.plist */,
			);
			path = SimpleLoginAppUITests;
			sourceTree = "<group>";
		};
		B2C0A52425945B030060B367 /* Model */ = {
			isa = PBXGroup;
			children = (
				B2C0A52525945C8F0060B367 /* LoginCredentials.swift */,
				B2C0A53A25956ECA0060B367 /* LoginData.swift */,
				B2C0A53E2595B72D0060B367 /* LoginMockApiHandler.swift */,
				B2C0A5402595C31F0060B367 /* HTTPClient.swift */,
			);
			path = Model;
			sourceTree = "<group>";
		};
		B2C0A52825951A3D0060B367 /* View */ = {
			isa = PBXGroup;
			children = (
				B2C0A4FF259459A20060B367 /* LaunchScreen.storyboard */,
				B2C0A4FD259459A20060B367 /* Assets.xcassets */,
				B2C0A4FA259459A10060B367 /* Main.storyboard */,
				B2C0A4F8259459A10060B367 /* LoginViewController.swift */,
				B28F325E25968DAD00598F71 /* WelcomeViewController.swift */,
			);
			path = View;
			sourceTree = "<group>";
		};
		B2C0A529259531E80060B367 /* ViewModel */ = {
			isa = PBXGroup;
			children = (
				B2C0A52A259531FE0060B367 /* LoginManagerViewModel.swift */,
				B2C0A536259556980060B367 /* credentials.json */,
				B2C0A5442595C6F00060B367 /* LoginManager.swift */,
			);
			path = ViewModel;
			sourceTree = "<group>";
		};
/* End PBXGroup section */

/* Begin PBXNativeTarget section */
		B2C0A4F0259459A10060B367 /* SimpleLoginApp */ = {
			isa = PBXNativeTarget;
			buildConfigurationList = B2C0A51B259459A20060B367 /* Build configuration list for PBXNativeTarget "SimpleLoginApp" */;
			buildPhases = (
				B2C0A4ED259459A10060B367 /* Sources */,
				B2C0A4EE259459A10060B367 /* Frameworks */,
				B2C0A4EF259459A10060B367 /* Resources */,
			);
			buildRules = (
			);
			dependencies = (
			);
			name = SimpleLoginApp;
			productName = SimpleLoginApp;
			productReference = B2C0A4F1259459A10060B367 /* SimpleLoginApp.app */;
			productType = "com.apple.product-type.application";
		};
		B2C0A506259459A20060B367 /* SimpleLoginAppTests */ = {
			isa = PBXNativeTarget;
			buildConfigurationList = B2C0A51E259459A20060B367 /* Build configuration list for PBXNativeTarget "SimpleLoginAppTests" */;
			buildPhases = (
				B2C0A503259459A20060B367 /* Sources */,
				B2C0A504259459A20060B367 /* Frameworks */,
				B2C0A505259459A20060B367 /* Resources */,
			);
			buildRules = (
			);
			dependencies = (
				B2C0A509259459A20060B367 /* PBXTargetDependency */,
			);
			name = SimpleLoginAppTests;
			productName = SimpleLoginAppTests;
			productReference = B2C0A507259459A20060B367 /* SimpleLoginAppTests.xctest */;
			productType = "com.apple.product-type.bundle.unit-test";
		};
		B2C0A511259459A20060B367 /* SimpleLoginAppUITests */ = {
			isa = PBXNativeTarget;
			buildConfigurationList = B2C0A521259459A20060B367 /* Build configuration list for PBXNativeTarget "SimpleLoginAppUITests" */;
			buildPhases = (
				B2C0A50E259459A20060B367 /* Sources */,
				B2C0A50F259459A20060B367 /* Frameworks */,
				B2C0A510259459A20060B367 /* Resources */,
			);
			buildRules = (
			);
			dependencies = (
				B2C0A514259459A20060B367 /* PBXTargetDependency */,
			);
			name = SimpleLoginAppUITests;
			productName = SimpleLoginAppUITests;
			productReference = B2C0A512259459A20060B367 /* SimpleLoginAppUITests.xctest */;
			productType = "com.apple.product-type.bundle.ui-testing";
		};
/* End PBXNativeTarget section */

/* Begin PBXProject section */
		B2C0A4E9259459A10060B367 /* Project object */ = {
			isa = PBXProject;
			attributes = {
				LastSwiftUpdateCheck = 1160;
				LastUpgradeCheck = 1160;
				ORGANIZATIONNAME = "Sravya Kaki";
				TargetAttributes = {
					B2C0A4F0259459A10060B367 = {
						CreatedOnToolsVersion = 11.6;
					};
					B2C0A506259459A20060B367 = {
						CreatedOnToolsVersion = 11.6;
						TestTargetID = B2C0A4F0259459A10060B367;
					};
					B2C0A511259459A20060B367 = {
						CreatedOnToolsVersion = 11.6;
						TestTargetID = B2C0A4F0259459A10060B367;
					};
				};
			};
			buildConfigurationList = B2C0A4EC259459A10060B367 /* Build configuration list for PBXProject "SimpleLoginApp" */;
			compatibilityVersion = "Xcode 9.3";
			developmentRegion = en;
			hasScannedForEncodings = 0;
			knownRegions = (
				en,
				Base,
			);
			mainGroup = B2C0A4E8259459A10060B367;
			productRefGroup = B2C0A4F2259459A10060B367 /* Products */;
			projectDirPath = "";
			projectRoot = "";
			targets = (
				B2C0A4F0259459A10060B367 /* SimpleLoginApp */,
				B2C0A506259459A20060B367 /* SimpleLoginAppTests */,
				B2C0A511259459A20060B367 /* SimpleLoginAppUITests */,
			);
		};
/* End PBXProject section */

/* Begin PBXResourcesBuildPhase section */
		B2C0A4EF259459A10060B367 /* Resources */ = {
			isa = PBXResourcesBuildPhase;
			buildActionMask = 2147483647;
			files = (
				B2C0A501259459A20060B367 /* LaunchScreen.storyboard in Resources */,
				B2C0A4FE259459A20060B367 /* Assets.xcassets in Resources */,
				B2C0A537259556980060B367 /* credentials.json in Resources */,
				B2C0A4FC259459A10060B367 /* Main.storyboard in Resources */,
			);
			runOnlyForDeploymentPostprocessing = 0;
		};
		B2C0A505259459A20060B367 /* Resources */ = {
			isa = PBXResourcesBuildPhase;
			buildActionMask = 2147483647;
			files = (
				B2C0A538259557430060B367 /* credentials.json in Resources */,
			);
			runOnlyForDeploymentPostprocessing = 0;
		};
		B2C0A510259459A20060B367 /* Resources */ = {
			isa = PBXResourcesBuildPhase;
			buildActionMask = 2147483647;
			files = (
				B2C0A539259557430060B367 /* credentials.json in Resources */,
			);
			runOnlyForDeploymentPostprocessing = 0;
		};
/* End PBXResourcesBuildPhase section */

/* Begin PBXSourcesBuildPhase section */
		B2C0A4ED259459A10060B367 /* Sources */ = {
			isa = PBXSourcesBuildPhase;
			buildActionMask = 2147483647;
			files = (
				B2C0A52B259531FE0060B367 /* LoginManagerViewModel.swift in Sources */,
				B2C0A52625945C8F0060B367 /* LoginCredentials.swift in Sources */,
				B28F325F25968DAD00598F71 /* WelcomeViewController.swift in Sources */,
				B2C0A53B25956ECA0060B367 /* LoginData.swift in Sources */,
				B2C0A4F9259459A10060B367 /* LoginViewController.swift in Sources */,
				B2C0A4F5259459A10060B367 /* AppDelegate.swift in Sources */,
				B2C0A5452595C6F00060B367 /* LoginManager.swift in Sources */,
				B2C0A5412595C31F0060B367 /* HTTPClient.swift in Sources */,
				B2C0A4F7259459A10060B367 /* SceneDelegate.swift in Sources */,
				B2C0A533259543DD0060B367 /* LoginErrorHandler.swift in Sources */,
				B2C0A53F2595B72D0060B367 /* LoginMockApiHandler.swift in Sources */,
			);
			runOnlyForDeploymentPostprocessing = 0;
		};
		B2C0A503259459A20060B367 /* Sources */ = {
			isa = PBXSourcesBuildPhase;
			buildActionMask = 2147483647;
			files = (
				B28F326025968DAD00598F71 /* WelcomeViewController.swift in Sources */,
				B2C0A5422595C49D0060B367 /* LoginMockApiHandler.swift in Sources */,
				B2C0A5462595C6F40060B367 /* LoginManager.swift in Sources */,
				B2C0A530259541480060B367 /* LoginViewController.swift in Sources */,
				B2C0A52C259541380060B367 /* LoginCredentials.swift in Sources */,
				B2C0A52E2595413D0060B367 /* LoginManagerViewModel.swift in Sources */,
				B2DB223925998A050005F2AA /* HTTPClient.swift in Sources */,
				B2C0A534259543EA0060B367 /* LoginErrorHandler.swift in Sources */,
				B2C0A50C259459A20060B367 /* SimpleLoginAppTests.swift in Sources */,
				B2DB2238259988D00005F2AA /* LoginViewControllerTests.swift in Sources */,
				B2C0A53D25956ED20060B367 /* LoginData.swift in Sources */,
			);
			runOnlyForDeploymentPostprocessing = 0;
		};
		B2C0A50E259459A20060B367 /* Sources */ = {
			isa = PBXSourcesBuildPhase;
			buildActionMask = 2147483647;
			files = (
				B28F326125968DAD00598F71 /* WelcomeViewController.swift in Sources */,
				B2C0A5432595C49E0060B367 /* LoginMockApiHandler.swift in Sources */,
				B2C0A5472595C6F40060B367 /* LoginManager.swift in Sources */,
				B2C0A531259541480060B367 /* LoginViewController.swift in Sources */,
				B2C0A52D259541390060B367 /* LoginCredentials.swift in Sources */,
				B2C0A52F2595413E0060B367 /* LoginManagerViewModel.swift in Sources */,
				B2DB223A25998A060005F2AA /* HTTPClient.swift in Sources */,
				B2C0A535259543EB0060B367 /* LoginErrorHandler.swift in Sources */,
				B2C0A517259459A20060B367 /* SimpleLoginAppUITests.swift in Sources */,
				B2C0A53C25956ED20060B367 /* LoginData.swift in Sources */,
			);
			runOnlyForDeploymentPostprocessing = 0;
		};
/* End PBXSourcesBuildPhase section */

/* Begin PBXTargetDependency section */
		B2C0A509259459A20060B367 /* PBXTargetDependency */ = {
			isa = PBXTargetDependency;
			target = B2C0A4F0259459A10060B367 /* SimpleLoginApp */;
			targetProxy = B2C0A508259459A20060B367 /* PBXContainerItemProxy */;
		};
		B2C0A514259459A20060B367 /* PBXTargetDependency */ = {
			isa = PBXTargetDependency;
			target = B2C0A4F0259459A10060B367 /* SimpleLoginApp */;
			targetProxy = B2C0A513259459A20060B367 /* PBXContainerItemProxy */;
		};
/* End PBXTargetDependency section */

/* Begin PBXVariantGroup section */
		B2C0A4FA259459A10060B367 /* Main.storyboard */ = {
			isa = PBXVariantGroup;
			children = (
				B2C0A4FB259459A10060B367 /* Base */,
			);
			name = Main.storyboard;
			sourceTree = "<group>";
		};
		B2C0A4FF259459A20060B367 /* LaunchScreen.storyboard */ = {
			isa = PBXVariantGroup;
			children = (
				B2C0A500259459A20060B367 /* Base */,
			);
			name = LaunchScreen.storyboard;
			sourceTree = "<group>";
		};
/* End PBXVariantGroup section */

/* Begin XCBuildConfiguration section */
		B2C0A519259459A20060B367 /* Debug */ = {
			isa = XCBuildConfiguration;
			buildSettings = {
				ALWAYS_SEARCH_USER_PATHS = NO;
				CLANG_ANALYZER_NONNULL = YES;
				CLANG_ANALYZER_NUMBER_OBJECT_CONVERSION = YES_AGGRESSIVE;
				CLANG_CXX_LANGUAGE_STANDARD = "gnu++14";
				CLANG_CXX_LIBRARY = "libc++";
				CLANG_ENABLE_MODULES = YES;
				CLANG_ENABLE_OBJC_ARC = YES;
				CLANG_ENABLE_OBJC_WEAK = YES;
				CLANG_WARN_BLOCK_CAPTURE_AUTORELEASING = YES;
				CLANG_WARN_BOOL_CONVERSION = YES;
				CLANG_WARN_COMMA = YES;
				CLANG_WARN_CONSTANT_CONVERSION = YES;
				CLANG_WARN_DEPRECATED_OBJC_IMPLEMENTATIONS = YES;
				CLANG_WARN_DIRECT_OBJC_ISA_USAGE = YES_ERROR;
				CLANG_WARN_DOCUMENTATION_COMMENTS = YES;
				CLANG_WARN_EMPTY_BODY = YES;
				CLANG_WARN_ENUM_CONVERSION = YES;
				CLANG_WARN_INFINITE_RECURSION = YES;
				CLANG_WARN_INT_CONVERSION = YES;
				CLANG_WARN_NON_LITERAL_NULL_CONVERSION = YES;
				CLANG_WARN_OBJC_IMPLICIT_RETAIN_SELF = YES;
				CLANG_WARN_OBJC_LITERAL_CONVERSION = YES;
				CLANG_WARN_OBJC_ROOT_CLASS = YES_ERROR;
				CLANG_WARN_RANGE_LOOP_ANALYSIS = YES;
				CLANG_WARN_STRICT_PROTOTYPES = YES;
				CLANG_WARN_SUSPICIOUS_MOVE = YES;
				CLANG_WARN_UNGUARDED_AVAILABILITY = YES_AGGRESSIVE;
				CLANG_WARN_UNREACHABLE_CODE = YES;
				CLANG_WARN__DUPLICATE_METHOD_MATCH = YES;
				COPY_PHASE_STRIP = NO;
				DEBUG_INFORMATION_FORMAT = dwarf;
				ENABLE_STRICT_OBJC_MSGSEND = YES;
				ENABLE_TESTABILITY = YES;
				GCC_C_LANGUAGE_STANDARD = gnu11;
				GCC_DYNAMIC_NO_PIC = NO;
				GCC_NO_COMMON_BLOCKS = YES;
				GCC_OPTIMIZATION_LEVEL = 0;
				GCC_PREPROCESSOR_DEFINITIONS = (
					"DEBUG=1",
					"$(inherited)",
				);
				GCC_WARN_64_TO_32_BIT_CONVERSION = YES;
				GCC_WARN_ABOUT_RETURN_TYPE = YES_ERROR;
				GCC_WARN_UNDECLARED_SELECTOR = YES;
				GCC_WARN_UNINITIALIZED_AUTOS = YES_AGGRESSIVE;
				GCC_WARN_UNUSED_FUNCTION = YES;
				GCC_WARN_UNUSED_VARIABLE = YES;
				IPHONEOS_DEPLOYMENT_TARGET = 13.6;
				MTL_ENABLE_DEBUG_INFO = INCLUDE_SOURCE;
				MTL_FAST_MATH = YES;
				ONLY_ACTIVE_ARCH = YES;
				SDKROOT = iphoneos;
				SWIFT_ACTIVE_COMPILATION_CONDITIONS = DEBUG;
				SWIFT_OPTIMIZATION_LEVEL = "-Onone";
			};
			name = Debug;
		};
		B2C0A51A259459A20060B367 /* Release */ = {
			isa = XCBuildConfiguration;
			buildSettings = {
				ALWAYS_SEARCH_USER_PATHS = NO;
				CLANG_ANALYZER_NONNULL = YES;
				CLANG_ANALYZER_NUMBER_OBJECT_CONVERSION = YES_AGGRESSIVE;
				CLANG_CXX_LANGUAGE_STANDARD = "gnu++14";
				CLANG_CXX_LIBRARY = "libc++";
				CLANG_ENABLE_MODULES = YES;
				CLANG_ENABLE_OBJC_ARC = YES;
				CLANG_ENABLE_OBJC_WEAK = YES;
				CLANG_WARN_BLOCK_CAPTURE_AUTORELEASING = YES;
				CLANG_WARN_BOOL_CONVERSION = YES;
				CLANG_WARN_COMMA = YES;
				CLANG_WARN_CONSTANT_CONVERSION = YES;
				CLANG_WARN_DEPRECATED_OBJC_IMPLEMENTATIONS = YES;
				CLANG_WARN_DIRECT_OBJC_ISA_USAGE = YES_ERROR;
				CLANG_WARN_DOCUMENTATION_COMMENTS = YES;
				CLANG_WARN_EMPTY_BODY = YES;
				CLANG_WARN_ENUM_CONVERSION = YES;
				CLANG_WARN_INFINITE_RECURSION = YES;
				CLANG_WARN_INT_CONVERSION = YES;
				CLANG_WARN_NON_LITERAL_NULL_CONVERSION = YES;
				CLANG_WARN_OBJC_IMPLICIT_RETAIN_SELF = YES;
				CLANG_WARN_OBJC_LITERAL_CONVERSION = YES;
				CLANG_WARN_OBJC_ROOT_CLASS = YES_ERROR;
				CLANG_WARN_RANGE_LOOP_ANALYSIS = YES;
				CLANG_WARN_STRICT_PROTOTYPES = YES;
				CLANG_WARN_SUSPICIOUS_MOVE = YES;
				CLANG_WARN_UNGUARDED_AVAILABILITY = YES_AGGRESSIVE;
				CLANG_WARN_UNREACHABLE_CODE = YES;
				CLANG_WARN__DUPLICATE_METHOD_MATCH = YES;
				COPY_PHASE_STRIP = NO;
				DEBUG_INFORMATION_FORMAT = "dwarf-with-dsym";
				ENABLE_NS_ASSERTIONS = NO;
				ENABLE_STRICT_OBJC_MSGSEND = YES;
				GCC_C_LANGUAGE_STANDARD = gnu11;
				GCC_NO_COMMON_BLOCKS = YES;
				GCC_WARN_64_TO_32_BIT_CONVERSION = YES;
				GCC_WARN_ABOUT_RETURN_TYPE = YES_ERROR;
				GCC_WARN_UNDECLARED_SELECTOR = YES;
				GCC_WARN_UNINITIALIZED_AUTOS = YES_AGGRESSIVE;
				GCC_WARN_UNUSED_FUNCTION = YES;
				GCC_WARN_UNUSED_VARIABLE = YES;
				IPHONEOS_DEPLOYMENT_TARGET = 13.6;
				MTL_ENABLE_DEBUG_INFO = NO;
				MTL_FAST_MATH = YES;
				SDKROOT = iphoneos;
				SWIFT_COMPILATION_MODE = wholemodule;
				SWIFT_OPTIMIZATION_LEVEL = "-O";
				VALIDATE_PRODUCT = YES;
			};
			name = Release;
		};
		B2C0A51C259459A20060B367 /* Debug */ = {
			isa = XCBuildConfiguration;
			buildSettings = {
				ASSETCATALOG_COMPILER_APPICON_NAME = AppIcon;
				CODE_SIGN_STYLE = Automatic;
				DEFINES_MODULE = YES;
				DEVELOPMENT_TEAM = A9LJR8LPA6;
				INFOPLIST_FILE = SimpleLoginApp/Info.plist;
				LD_RUNPATH_SEARCH_PATHS = (
					"$(inherited)",
					"@executable_path/Frameworks",
				);
				PRODUCT_BUNDLE_IDENTIFIER = com.twit.Test.SimpleLoginApp;
				PRODUCT_NAME = "$(TARGET_NAME)";
				SWIFT_VERSION = 5.0;
				TARGETED_DEVICE_FAMILY = "1,2";
			};
			name = Debug;
		};
		B2C0A51D259459A20060B367 /* Release */ = {
			isa = XCBuildConfiguration;
			buildSettings = {
				ASSETCATALOG_COMPILER_APPICON_NAME = AppIcon;
				CODE_SIGN_STYLE = Automatic;
				DEFINES_MODULE = YES;
				DEVELOPMENT_TEAM = A9LJR8LPA6;
				INFOPLIST_FILE = SimpleLoginApp/Info.plist;
				LD_RUNPATH_SEARCH_PATHS = (
					"$(inherited)",
					"@executable_path/Frameworks",
				);
				PRODUCT_BUNDLE_IDENTIFIER = com.twit.Test.SimpleLoginApp;
				PRODUCT_NAME = "$(TARGET_NAME)";
				SWIFT_VERSION = 5.0;
				TARGETED_DEVICE_FAMILY = "1,2";
			};
			name = Release;
		};
		B2C0A51F259459A20060B367 /* Debug */ = {
			isa = XCBuildConfiguration;
			buildSettings = {
				ALWAYS_EMBED_SWIFT_STANDARD_LIBRARIES = YES;
				BUNDLE_LOADER = "$(TEST_HOST)";
				CODE_SIGN_STYLE = Automatic;
				DEVELOPMENT_TEAM = A9LJR8LPA6;
				INFOPLIST_FILE = SimpleLoginAppTests/Info.plist;
				IPHONEOS_DEPLOYMENT_TARGET = 13.6;
				LD_RUNPATH_SEARCH_PATHS = (
					"$(inherited)",
					"@executable_path/Frameworks",
					"@loader_path/Frameworks",
				);
				PRODUCT_BUNDLE_IDENTIFIER = com.twit.Test.SimpleLoginAppTests;
				PRODUCT_NAME = "$(TARGET_NAME)";
				SWIFT_VERSION = 5.0;
				TARGETED_DEVICE_FAMILY = "1,2";
				TEST_HOST = "$(BUILT_PRODUCTS_DIR)/SimpleLoginApp.app/SimpleLoginApp";
			};
			name = Debug;
		};
		B2C0A520259459A20060B367 /* Release */ = {
			isa = XCBuildConfiguration;
			buildSettings = {
				ALWAYS_EMBED_SWIFT_STANDARD_LIBRARIES = YES;
				BUNDLE_LOADER = "$(TEST_HOST)";
				CODE_SIGN_STYLE = Automatic;
				DEVELOPMENT_TEAM = A9LJR8LPA6;
				INFOPLIST_FILE = SimpleLoginAppTests/Info.plist;
				IPHONEOS_DEPLOYMENT_TARGET = 13.6;
				LD_RUNPATH_SEARCH_PATHS = (
					"$(inherited)",
					"@executable_path/Frameworks",
					"@loader_path/Frameworks",
				);
				PRODUCT_BUNDLE_IDENTIFIER = com.twit.Test.SimpleLoginAppTests;
				PRODUCT_NAME = "$(TARGET_NAME)";
				SWIFT_VERSION = 5.0;
				TARGETED_DEVICE_FAMILY = "1,2";
				TEST_HOST = "$(BUILT_PRODUCTS_DIR)/SimpleLoginApp.app/SimpleLoginApp";
			};
			name = Release;
		};
		B2C0A522259459A20060B367 /* Debug */ = {
			isa = XCBuildConfiguration;
			buildSettings = {
				ALWAYS_EMBED_SWIFT_STANDARD_LIBRARIES = YES;
				CODE_SIGN_STYLE = Automatic;
				DEVELOPMENT_TEAM = A9LJR8LPA6;
				INFOPLIST_FILE = SimpleLoginAppUITests/Info.plist;
				LD_RUNPATH_SEARCH_PATHS = (
					"$(inherited)",
					"@executable_path/Frameworks",
					"@loader_path/Frameworks",
				);
				PRODUCT_BUNDLE_IDENTIFIER = com.twit.Test.SimpleLoginAppUITests;
				PRODUCT_NAME = "$(TARGET_NAME)";
				SWIFT_VERSION = 5.0;
				TARGETED_DEVICE_FAMILY = "1,2";
				TEST_TARGET_NAME = SimpleLoginApp;
			};
			name = Debug;
		};
		B2C0A523259459A20060B367 /* Release */ = {
			isa = XCBuildConfiguration;
			buildSettings = {
				ALWAYS_EMBED_SWIFT_STANDARD_LIBRARIES = YES;
				CODE_SIGN_STYLE = Automatic;
				DEVELOPMENT_TEAM = A9LJR8LPA6;
				INFOPLIST_FILE = SimpleLoginAppUITests/Info.plist;
				LD_RUNPATH_SEARCH_PATHS = (
					"$(inherited)",
					"@executable_path/Frameworks",
					"@loader_path/Frameworks",
				);
				PRODUCT_BUNDLE_IDENTIFIER = com.twit.Test.SimpleLoginAppUITests;
				PRODUCT_NAME = "$(TARGET_NAME)";
				SWIFT_VERSION = 5.0;
				TARGETED_DEVICE_FAMILY = "1,2";
				TEST_TARGET_NAME = SimpleLoginApp;
			};
			name = Release;
		};
/* End XCBuildConfiguration section */

/* Begin XCConfigurationList section */
		B2C0A4EC259459A10060B367 /* Build configuration list for PBXProject "SimpleLoginApp" */ = {
			isa = XCConfigurationList;
			buildConfigurations = (
				B2C0A519259459A20060B367 /* Debug */,
				B2C0A51A259459A20060B367 /* Release */,
			);
			defaultConfigurationIsVisible = 0;
			defaultConfigurationName = Release;
		};
		B2C0A51B259459A20060B367 /* Build configuration list for PBXNativeTarget "SimpleLoginApp" */ = {
			isa = XCConfigurationList;
			buildConfigurations = (
				B2C0A51C259459A20060B367 /* Debug */,
				B2C0A51D259459A20060B367 /* Release */,
			);
			defaultConfigurationIsVisible = 0;
			defaultConfigurationName = Release;
		};
		B2C0A51E259459A20060B367 /* Build configuration list for PBXNativeTarget "SimpleLoginAppTests" */ = {
			isa = XCConfigurationList;
			buildConfigurations = (
				B2C0A51F259459A20060B367 /* Debug */,
				B2C0A520259459A20060B367 /* Release */,
			);
			defaultConfigurationIsVisible = 0;
			defaultConfigurationName = Release;
		};
		B2C0A521259459A20060B367 /* Build configuration list for PBXNativeTarget "SimpleLoginAppUITests" */ = {
			isa = XCConfigurationList;
			buildConfigurations = (
				B2C0A522259459A20060B367 /* Debug */,
				B2C0A523259459A20060B367 /* Release */,
			);
			defaultConfigurationIsVisible = 0;
			defaultConfigurationName = Release;
		};
/* End XCConfigurationList section */
	};
	rootObject = B2C0A4E9259459A10060B367 /* Project object */;
}
